// !$*UTF8*$!
{
	archiveVersion = 1;
	classes = {
	};
	objectVersion = 56;
	objects = {

/* Begin PBXBuildFile section */
		674982702A82C1CB00A1C98E /* Haptics.swift in Sources */ = {isa = PBXBuildFile; fileRef = 6749826F2A82C1CB00A1C98E /* Haptics.swift */; };
		674982742A82F3E000A1C98E /* DropDownButton.swift in Sources */ = {isa = PBXBuildFile; fileRef = 674982732A82F3E000A1C98E /* DropDownButton.swift */; };
		674982762A83DCD900A1C98E /* GoogleService-Info.plist in Resources */ = {isa = PBXBuildFile; fileRef = 674982752A83DCD900A1C98E /* GoogleService-Info.plist */; };
		674982792A83E2C500A1C98E /* FirebaseAuth in Frameworks */ = {isa = PBXBuildFile; productRef = 674982782A83E2C500A1C98E /* FirebaseAuth */; };
		6749827F2A855EAA00A1C98E /* FirebaseAnalytics in Frameworks */ = {isa = PBXBuildFile; productRef = 6749827E2A855EAA00A1C98E /* FirebaseAnalytics */; };
		674982812A857C9800A1C98E /* Utils.swift in Sources */ = {isa = PBXBuildFile; fileRef = 674982802A857C9800A1C98E /* Utils.swift */; };
		674982862A8592A800A1C98E /* AuthenticationProtocol.swift in Sources */ = {isa = PBXBuildFile; fileRef = 674982852A8592A800A1C98E /* AuthenticationProtocol.swift */; };
		674982882A85931A00A1C98E /* SignInWithAppleService.swift in Sources */ = {isa = PBXBuildFile; fileRef = 674982872A85931A00A1C98E /* SignInWithAppleService.swift */; };
		6749828D2A85DD8E00A1C98E /* SignInView.swift in Sources */ = {isa = PBXBuildFile; fileRef = 6749828C2A85DD8E00A1C98E /* SignInView.swift */; };
		674982922A85DF5B00A1C98E /* AuthenticationViewModel.swift in Sources */ = {isa = PBXBuildFile; fileRef = 674982912A85DF5B00A1C98E /* AuthenticationViewModel.swift */; };
		674982952A86A8F500A1C98E /* DBCollection.swift in Sources */ = {isa = PBXBuildFile; fileRef = 674982942A86A8F500A1C98E /* DBCollection.swift */; };
		6749829B2A86A92D00A1C98E /* FirebaseFirestore in Frameworks */ = {isa = PBXBuildFile; productRef = 6749829A2A86A92D00A1C98E /* FirebaseFirestore */; };
		6749829D2A86A92D00A1C98E /* FirebaseFirestoreSwift in Frameworks */ = {isa = PBXBuildFile; productRef = 6749829C2A86A92D00A1C98E /* FirebaseFirestoreSwift */; };
		6749829F2A86C15D00A1C98E /* UserService.swift in Sources */ = {isa = PBXBuildFile; fileRef = 6749829E2A86C15D00A1C98E /* UserService.swift */; };
		674982A42A86D08300A1C98E /* AdvertisementService.swift in Sources */ = {isa = PBXBuildFile; fileRef = 674982A32A86D08300A1C98E /* AdvertisementService.swift */; };
		674982A62A88012100A1C98E /* String+avatars.swift in Sources */ = {isa = PBXBuildFile; fileRef = 674982A52A88012100A1C98E /* String+avatars.swift */; };
		678383772A7C4A3800E459F1 /* UserInfo.swift in Sources */ = {isa = PBXBuildFile; fileRef = 678383762A7C4A3800E459F1 /* UserInfo.swift */; };
		678383792A7C4A5600E459F1 /* AdInfo.swift in Sources */ = {isa = PBXBuildFile; fileRef = 678383782A7C4A5600E459F1 /* AdInfo.swift */; };
		6783837C2A7C4A7F00E459F1 /* View+removePadding.swift in Sources */ = {isa = PBXBuildFile; fileRef = 6783837B2A7C4A7F00E459F1 /* View+removePadding.swift */; };
		678383812A7F623D00E459F1 /* NewAdvertisement.swift in Sources */ = {isa = PBXBuildFile; fileRef = 678383802A7F623D00E459F1 /* NewAdvertisement.swift */; };
		678383832A7F63EA00E459F1 /* AdvertisementsViewModel.swift in Sources */ = {isa = PBXBuildFile; fileRef = 678383822A7F63EA00E459F1 /* AdvertisementsViewModel.swift */; };
		678383862A814A0600E459F1 /* AdvertisementProtocol.swift in Sources */ = {isa = PBXBuildFile; fileRef = 678383852A814A0600E459F1 /* AdvertisementProtocol.swift */; };
		678383892A814A9C00E459F1 /* AdvertisementMockupService.swift in Sources */ = {isa = PBXBuildFile; fileRef = 678383882A814A9C00E459F1 /* AdvertisementMockupService.swift */; };
		67A531EA2A7831D500EBD022 /* Advertisement.swift in Sources */ = {isa = PBXBuildFile; fileRef = 67A531E92A7831D500EBD022 /* Advertisement.swift */; };
		67A531ED2A7831FA00EBD022 /* User.swift in Sources */ = {isa = PBXBuildFile; fileRef = 67A531EC2A7831FA00EBD022 /* User.swift */; };
		67A531F32A78327600EBD022 /* ProjectGroup.swift in Sources */ = {isa = PBXBuildFile; fileRef = 67A531F22A78327600EBD022 /* ProjectGroup.swift */; };
		67A531F82A7841DD00EBD022 /* AdvertisementView.swift in Sources */ = {isa = PBXBuildFile; fileRef = 67A531F72A7841DD00EBD022 /* AdvertisementView.swift */; };
		9F4390C92A81376500A3A393 /* HomeView.swift in Sources */ = {isa = PBXBuildFile; fileRef = 9F4390C82A81376500A3A393 /* HomeView.swift */; };
		9F553F3F2A816D9200D64192 /* UserProtocol.swift in Sources */ = {isa = PBXBuildFile; fileRef = 9F553F3E2A816D9200D64192 /* UserProtocol.swift */; };
		9F553F422A816F4600D64192 /* UserMockupService.swift in Sources */ = {isa = PBXBuildFile; fileRef = 9F553F412A816F4600D64192 /* UserMockupService.swift */; };
		9F5C15932A8AABE100162E2E /* FirebaseMessaging in Frameworks */ = {isa = PBXBuildFile; productRef = 9F5C15922A8AABE100162E2E /* FirebaseMessaging */; };
		9F8F29C52A7977610030958B /* EditUserView.swift in Sources */ = {isa = PBXBuildFile; fileRef = 9F8F29C42A7977610030958B /* EditUserView.swift */; };
		9F8F29CA2A7984730030958B /* UserViewModel.swift in Sources */ = {isa = PBXBuildFile; fileRef = 9F8F29C92A7984730030958B /* UserViewModel.swift */; };
		9F9FF1942A8AE9DF00289B97 /* PushNotificationSender.swift in Sources */ = {isa = PBXBuildFile; fileRef = 9F9FF1932A8AE9DF00289B97 /* PushNotificationSender.swift */; };
		9FD721622A7842FA007A1BA6 /* UserView.swift in Sources */ = {isa = PBXBuildFile; fileRef = 9FD721612A7842FA007A1BA6 /* UserView.swift */; };
		9FFECDEB2A71EBEF0053F29D /* ProjectFyApp.swift in Sources */ = {isa = PBXBuildFile; fileRef = 9FFECDEA2A71EBEF0053F29D /* ProjectFyApp.swift */; };
		9FFECDEF2A71EBF00053F29D /* Assets.xcassets in Resources */ = {isa = PBXBuildFile; fileRef = 9FFECDEE2A71EBF00053F29D /* Assets.xcassets */; };
		9FFECDF22A71EBF00053F29D /* Preview Assets.xcassets in Resources */ = {isa = PBXBuildFile; fileRef = 9FFECDF12A71EBF00053F29D /* Preview Assets.xcassets */; };
/* End PBXBuildFile section */

/* Begin PBXFileReference section */
		6749826F2A82C1CB00A1C98E /* Haptics.swift */ = {isa = PBXFileReference; lastKnownFileType = sourcecode.swift; path = Haptics.swift; sourceTree = "<group>"; };
		674982732A82F3E000A1C98E /* DropDownButton.swift */ = {isa = PBXFileReference; lastKnownFileType = sourcecode.swift; path = DropDownButton.swift; sourceTree = "<group>"; };
		674982752A83DCD900A1C98E /* GoogleService-Info.plist */ = {isa = PBXFileReference; fileEncoding = 4; lastKnownFileType = text.plist.xml; path = "GoogleService-Info.plist"; sourceTree = "<group>"; };
		6749827A2A83E47200A1C98E /* ProjectFy.entitlements */ = {isa = PBXFileReference; lastKnownFileType = text.plist.entitlements; path = ProjectFy.entitlements; sourceTree = "<group>"; };
		674982802A857C9800A1C98E /* Utils.swift */ = {isa = PBXFileReference; lastKnownFileType = sourcecode.swift; path = Utils.swift; sourceTree = "<group>"; };
		674982852A8592A800A1C98E /* AuthenticationProtocol.swift */ = {isa = PBXFileReference; lastKnownFileType = sourcecode.swift; path = AuthenticationProtocol.swift; sourceTree = "<group>"; };
		674982872A85931A00A1C98E /* SignInWithAppleService.swift */ = {isa = PBXFileReference; lastKnownFileType = sourcecode.swift; path = SignInWithAppleService.swift; sourceTree = "<group>"; };
		6749828C2A85DD8E00A1C98E /* SignInView.swift */ = {isa = PBXFileReference; lastKnownFileType = sourcecode.swift; path = SignInView.swift; sourceTree = "<group>"; };
		674982912A85DF5B00A1C98E /* AuthenticationViewModel.swift */ = {isa = PBXFileReference; lastKnownFileType = sourcecode.swift; path = AuthenticationViewModel.swift; sourceTree = "<group>"; };
		674982942A86A8F500A1C98E /* DBCollection.swift */ = {isa = PBXFileReference; lastKnownFileType = sourcecode.swift; path = DBCollection.swift; sourceTree = "<group>"; };
		6749829E2A86C15D00A1C98E /* UserService.swift */ = {isa = PBXFileReference; lastKnownFileType = sourcecode.swift; path = UserService.swift; sourceTree = "<group>"; };
		674982A32A86D08300A1C98E /* AdvertisementService.swift */ = {isa = PBXFileReference; lastKnownFileType = sourcecode.swift; path = AdvertisementService.swift; sourceTree = "<group>"; };
		674982A52A88012100A1C98E /* String+avatars.swift */ = {isa = PBXFileReference; lastKnownFileType = sourcecode.swift; path = "String+avatars.swift"; sourceTree = "<group>"; };
		678383762A7C4A3800E459F1 /* UserInfo.swift */ = {isa = PBXFileReference; lastKnownFileType = sourcecode.swift; path = UserInfo.swift; sourceTree = "<group>"; };
		678383782A7C4A5600E459F1 /* AdInfo.swift */ = {isa = PBXFileReference; lastKnownFileType = sourcecode.swift; path = AdInfo.swift; sourceTree = "<group>"; };
		6783837B2A7C4A7F00E459F1 /* View+removePadding.swift */ = {isa = PBXFileReference; lastKnownFileType = sourcecode.swift; path = "View+removePadding.swift"; sourceTree = "<group>"; };
		678383802A7F623D00E459F1 /* NewAdvertisement.swift */ = {isa = PBXFileReference; lastKnownFileType = sourcecode.swift; path = NewAdvertisement.swift; sourceTree = "<group>"; };
		678383822A7F63EA00E459F1 /* AdvertisementsViewModel.swift */ = {isa = PBXFileReference; lastKnownFileType = sourcecode.swift; path = AdvertisementsViewModel.swift; sourceTree = "<group>"; };
		678383852A814A0600E459F1 /* AdvertisementProtocol.swift */ = {isa = PBXFileReference; lastKnownFileType = sourcecode.swift; path = AdvertisementProtocol.swift; sourceTree = "<group>"; };
		678383882A814A9C00E459F1 /* AdvertisementMockupService.swift */ = {isa = PBXFileReference; lastKnownFileType = sourcecode.swift; path = AdvertisementMockupService.swift; sourceTree = "<group>"; };
		67A531E92A7831D500EBD022 /* Advertisement.swift */ = {isa = PBXFileReference; lastKnownFileType = sourcecode.swift; path = Advertisement.swift; sourceTree = "<group>"; };
		67A531EC2A7831FA00EBD022 /* User.swift */ = {isa = PBXFileReference; lastKnownFileType = sourcecode.swift; path = User.swift; sourceTree = "<group>"; };
		67A531F22A78327600EBD022 /* ProjectGroup.swift */ = {isa = PBXFileReference; lastKnownFileType = sourcecode.swift; path = ProjectGroup.swift; sourceTree = "<group>"; };
		67A531F72A7841DD00EBD022 /* AdvertisementView.swift */ = {isa = PBXFileReference; lastKnownFileType = sourcecode.swift; path = AdvertisementView.swift; sourceTree = "<group>"; };
		9F31E8052A8ABDBE009223C1 /* ProjectFyDebug.entitlements */ = {isa = PBXFileReference; lastKnownFileType = text.plist.entitlements; path = ProjectFyDebug.entitlements; sourceTree = "<group>"; };
		9F4390C82A81376500A3A393 /* HomeView.swift */ = {isa = PBXFileReference; lastKnownFileType = sourcecode.swift; path = HomeView.swift; sourceTree = "<group>"; };
		9F553F3E2A816D9200D64192 /* UserProtocol.swift */ = {isa = PBXFileReference; lastKnownFileType = sourcecode.swift; path = UserProtocol.swift; sourceTree = "<group>"; };
		9F553F412A816F4600D64192 /* UserMockupService.swift */ = {isa = PBXFileReference; lastKnownFileType = sourcecode.swift; path = UserMockupService.swift; sourceTree = "<group>"; };
		9F5C15942A8AAF4E00162E2E /* Info.plist */ = {isa = PBXFileReference; lastKnownFileType = text.plist; path = Info.plist; sourceTree = "<group>"; };
		9F8F29C42A7977610030958B /* EditUserView.swift */ = {isa = PBXFileReference; lastKnownFileType = sourcecode.swift; path = EditUserView.swift; sourceTree = "<group>"; };
		9F8F29C92A7984730030958B /* UserViewModel.swift */ = {isa = PBXFileReference; lastKnownFileType = sourcecode.swift; path = UserViewModel.swift; sourceTree = "<group>"; };
		9F9FF1932A8AE9DF00289B97 /* PushNotificationSender.swift */ = {isa = PBXFileReference; lastKnownFileType = sourcecode.swift; path = PushNotificationSender.swift; sourceTree = "<group>"; };
		9FD721612A7842FA007A1BA6 /* UserView.swift */ = {isa = PBXFileReference; lastKnownFileType = sourcecode.swift; path = UserView.swift; sourceTree = "<group>"; };
		9FFECDE72A71EBEF0053F29D /* ProjectFy.app */ = {isa = PBXFileReference; explicitFileType = wrapper.application; includeInIndex = 0; path = ProjectFy.app; sourceTree = BUILT_PRODUCTS_DIR; };
		9FFECDEA2A71EBEF0053F29D /* ProjectFyApp.swift */ = {isa = PBXFileReference; lastKnownFileType = sourcecode.swift; path = ProjectFyApp.swift; sourceTree = "<group>"; };
		9FFECDEE2A71EBF00053F29D /* Assets.xcassets */ = {isa = PBXFileReference; lastKnownFileType = folder.assetcatalog; path = Assets.xcassets; sourceTree = "<group>"; };
		9FFECDF12A71EBF00053F29D /* Preview Assets.xcassets */ = {isa = PBXFileReference; lastKnownFileType = folder.assetcatalog; path = "Preview Assets.xcassets"; sourceTree = "<group>"; };
/* End PBXFileReference section */

/* Begin PBXFrameworksBuildPhase section */
		9FFECDE42A71EBEF0053F29D /* Frameworks */ = {
			isa = PBXFrameworksBuildPhase;
			buildActionMask = 2147483647;
			files = (
				6749827F2A855EAA00A1C98E /* FirebaseAnalytics in Frameworks */,
				674982792A83E2C500A1C98E /* FirebaseAuth in Frameworks */,
				9F5C15932A8AABE100162E2E /* FirebaseMessaging in Frameworks */,
				6749829B2A86A92D00A1C98E /* FirebaseFirestore in Frameworks */,
				6749829D2A86A92D00A1C98E /* FirebaseFirestoreSwift in Frameworks */,
			);
			runOnlyForDeploymentPostprocessing = 0;
		};
/* End PBXFrameworksBuildPhase section */

/* Begin PBXGroup section */
		6749827D2A855EAA00A1C98E /* Frameworks */ = {
			isa = PBXGroup;
			children = (
			);
			name = Frameworks;
			sourceTree = "<group>";
		};
		674982822A85925F00A1C98E /* Authentication */ = {
			isa = PBXGroup;
			children = (
				674982902A85DF4800A1C98E /* ViewModel */,
				6749828B2A85DD6900A1C98E /* Services */,
				6749828A2A85DD6000A1C98E /* Protocols */,
				6749828C2A85DD8E00A1C98E /* SignInView.swift */,
			);
			path = Authentication;
			sourceTree = "<group>";
		};
		6749828A2A85DD6000A1C98E /* Protocols */ = {
			isa = PBXGroup;
			children = (
				674982852A8592A800A1C98E /* AuthenticationProtocol.swift */,
			);
			path = Protocols;
			sourceTree = "<group>";
		};
		6749828B2A85DD6900A1C98E /* Services */ = {
			isa = PBXGroup;
			children = (
				674982872A85931A00A1C98E /* SignInWithAppleService.swift */,
			);
			path = Services;
			sourceTree = "<group>";
		};
		674982902A85DF4800A1C98E /* ViewModel */ = {
			isa = PBXGroup;
			children = (
				674982912A85DF5B00A1C98E /* AuthenticationViewModel.swift */,
			);
			path = ViewModel;
			sourceTree = "<group>";
		};
		674982932A86A8D200A1C98E /* Database */ = {
			isa = PBXGroup;
			children = (
				674982942A86A8F500A1C98E /* DBCollection.swift */,
			);
			path = Database;
			sourceTree = "<group>";
		};
		678383722A7C275300E459F1 /* ViewModel */ = {
			isa = PBXGroup;
			children = (
				678383822A7F63EA00E459F1 /* AdvertisementsViewModel.swift */,
			);
			path = ViewModel;
			sourceTree = "<group>";
		};
		678383752A7C4A1B00E459F1 /* Components */ = {
			isa = PBXGroup;
			children = (
				678383802A7F623D00E459F1 /* NewAdvertisement.swift */,
				678383762A7C4A3800E459F1 /* UserInfo.swift */,
				678383782A7C4A5600E459F1 /* AdInfo.swift */,
			);
			path = Components;
			sourceTree = "<group>";
		};
		6783837A2A7C4A7100E459F1 /* Extensions */ = {
			isa = PBXGroup;
			children = (
				6783837B2A7C4A7F00E459F1 /* View+removePadding.swift */,
				674982A52A88012100A1C98E /* String+avatars.swift */,
			);
			path = Extensions;
			sourceTree = "<group>";
		};
		678383872A814A8D00E459F1 /* Services */ = {
			isa = PBXGroup;
			children = (
				678383852A814A0600E459F1 /* AdvertisementProtocol.swift */,
				678383882A814A9C00E459F1 /* AdvertisementMockupService.swift */,
				674982A32A86D08300A1C98E /* AdvertisementService.swift */,
			);
			path = Services;
			sourceTree = "<group>";
		};
		67A531E82A7831B400EBD022 /* Advertisement */ = {
			isa = PBXGroup;
			children = (
				678383872A814A8D00E459F1 /* Services */,
				678383722A7C275300E459F1 /* ViewModel */,
				67A531F42A78409E00EBD022 /* Views */,
				67A531EF2A78322200EBD022 /* Model */,
			);
			path = Advertisement;
			sourceTree = "<group>";
		};
		67A531EB2A7831EE00EBD022 /* User */ = {
			isa = PBXGroup;
			children = (
				9F553F402A816F2700D64192 /* Services */,
				9F8F29C82A7984520030958B /* ViewModel */,
				9FD721602A7842C7007A1BA6 /* View */,
				67A531EE2A78321A00EBD022 /* Model */,
			);
			path = User;
			sourceTree = "<group>";
		};
		67A531EE2A78321A00EBD022 /* Model */ = {
			isa = PBXGroup;
			children = (
				67A531EC2A7831FA00EBD022 /* User.swift */,
			);
			path = Model;
			sourceTree = "<group>";
		};
		67A531EF2A78322200EBD022 /* Model */ = {
			isa = PBXGroup;
			children = (
				67A531E92A7831D500EBD022 /* Advertisement.swift */,
			);
			path = Model;
			sourceTree = "<group>";
		};
		67A531F02A78326500EBD022 /* ProjectGroup */ = {
			isa = PBXGroup;
			children = (
				67A531F12A78326C00EBD022 /* Model */,
			);
			path = ProjectGroup;
			sourceTree = "<group>";
		};
		67A531F12A78326C00EBD022 /* Model */ = {
			isa = PBXGroup;
			children = (
				67A531F22A78327600EBD022 /* ProjectGroup.swift */,
			);
			path = Model;
			sourceTree = "<group>";
		};
		67A531F42A78409E00EBD022 /* Views */ = {
			isa = PBXGroup;
			children = (
				678383752A7C4A1B00E459F1 /* Components */,
				67A531F72A7841DD00EBD022 /* AdvertisementView.swift */,
			);
			path = Views;
			sourceTree = "<group>";
		};
		9F4390C52A81316C00A3A393 /* Resources */ = {
			isa = PBXGroup;
			children = (
				674982752A83DCD900A1C98E /* GoogleService-Info.plist */,
				9FFECDEA2A71EBEF0053F29D /* ProjectFyApp.swift */,
				9F4390C82A81376500A3A393 /* HomeView.swift */,
				9FFECDEE2A71EBF00053F29D /* Assets.xcassets */,
				674982802A857C9800A1C98E /* Utils.swift */,
				6749826F2A82C1CB00A1C98E /* Haptics.swift */,
				674982732A82F3E000A1C98E /* DropDownButton.swift */,
			);
			path = Resources;
			sourceTree = "<group>";
		};
		9F553F3D2A816D7900D64192 /* Protocols */ = {
			isa = PBXGroup;
			children = (
				9F553F3E2A816D9200D64192 /* UserProtocol.swift */,
			);
			path = Protocols;
			sourceTree = "<group>";
		};
		9F553F402A816F2700D64192 /* Services */ = {
			isa = PBXGroup;
			children = (
				9F553F412A816F4600D64192 /* UserMockupService.swift */,
				6749829E2A86C15D00A1C98E /* UserService.swift */,
			);
			path = Services;
			sourceTree = "<group>";
		};
		9F8F29C82A7984520030958B /* ViewModel */ = {
			isa = PBXGroup;
			children = (
				9F8F29C92A7984730030958B /* UserViewModel.swift */,
			);
			path = ViewModel;
			sourceTree = "<group>";
		};
		9F9FF1922A8AE9C600289B97 /* Notifications */ = {
			isa = PBXGroup;
			children = (
				9F9FF1932A8AE9DF00289B97 /* PushNotificationSender.swift */,
			);
			path = Notifications;
			sourceTree = "<group>";
		};
		9FD721602A7842C7007A1BA6 /* View */ = {
			isa = PBXGroup;
			children = (
				9FD721612A7842FA007A1BA6 /* UserView.swift */,
				9F8F29C42A7977610030958B /* EditUserView.swift */,
			);
			path = View;
			sourceTree = "<group>";
		};
		9FFECDDE2A71EBEF0053F29D = {
			isa = PBXGroup;
			children = (
				9FFECDE92A71EBEF0053F29D /* ProjectFy */,
				9FFECDE82A71EBEF0053F29D /* Products */,
				6749827D2A855EAA00A1C98E /* Frameworks */,
			);
			sourceTree = "<group>";
		};
		9FFECDE82A71EBEF0053F29D /* Products */ = {
			isa = PBXGroup;
			children = (
				9FFECDE72A71EBEF0053F29D /* ProjectFy.app */,
			);
			name = Products;
			sourceTree = "<group>";
		};
		9FFECDE92A71EBEF0053F29D /* ProjectFy */ = {
			isa = PBXGroup;
			children = (
				9F9FF1922A8AE9C600289B97 /* Notifications */,
				9F31E8052A8ABDBE009223C1 /* ProjectFyDebug.entitlements */,
				9F5C15942A8AAF4E00162E2E /* Info.plist */,
				674982932A86A8D200A1C98E /* Database */,
				674982822A85925F00A1C98E /* Authentication */,
				6749827A2A83E47200A1C98E /* ProjectFy.entitlements */,
				9F553F3D2A816D7900D64192 /* Protocols */,
				9F4390C52A81316C00A3A393 /* Resources */,
				67A531F02A78326500EBD022 /* ProjectGroup */,
				6783837A2A7C4A7100E459F1 /* Extensions */,
				67A531EB2A7831EE00EBD022 /* User */,
				67A531E82A7831B400EBD022 /* Advertisement */,
				9FFECDF02A71EBF00053F29D /* Preview Content */,
			);
			path = ProjectFy;
			sourceTree = "<group>";
		};
		9FFECDF02A71EBF00053F29D /* Preview Content */ = {
			isa = PBXGroup;
			children = (
				9FFECDF12A71EBF00053F29D /* Preview Assets.xcassets */,
			);
			path = "Preview Content";
			sourceTree = "<group>";
		};
/* End PBXGroup section */

/* Begin PBXNativeTarget section */
		9FFECDE62A71EBEF0053F29D /* ProjectFy */ = {
			isa = PBXNativeTarget;
			buildConfigurationList = 9FFECDF52A71EBF00053F29D /* Build configuration list for PBXNativeTarget "ProjectFy" */;
			buildPhases = (
				9FFECDE32A71EBEF0053F29D /* Sources */,
				9FFECDE42A71EBEF0053F29D /* Frameworks */,
				9FFECDE52A71EBEF0053F29D /* Resources */,
				9FDD73692A76063E00BA8F26 /* ShellScript */,
			);
			buildRules = (
			);
			dependencies = (
			);
			name = ProjectFy;
			packageProductDependencies = (
				674982782A83E2C500A1C98E /* FirebaseAuth */,
				6749827E2A855EAA00A1C98E /* FirebaseAnalytics */,
				6749829A2A86A92D00A1C98E /* FirebaseFirestore */,
				6749829C2A86A92D00A1C98E /* FirebaseFirestoreSwift */,
				9F5C15922A8AABE100162E2E /* FirebaseMessaging */,
			);
			productName = ProjectFy;
			productReference = 9FFECDE72A71EBEF0053F29D /* ProjectFy.app */;
			productType = "com.apple.product-type.application";
		};
/* End PBXNativeTarget section */

/* Begin PBXProject section */
		9FFECDDF2A71EBEF0053F29D /* Project object */ = {
			isa = PBXProject;
			attributes = {
				BuildIndependentTargetsInParallel = 1;
				LastSwiftUpdateCheck = 1430;
				LastUpgradeCheck = 1430;
				TargetAttributes = {
					9FFECDE62A71EBEF0053F29D = {
						CreatedOnToolsVersion = 14.3.1;
					};
				};
			};
			buildConfigurationList = 9FFECDE22A71EBEF0053F29D /* Build configuration list for PBXProject "ProjectFy" */;
			compatibilityVersion = "Xcode 14.0";
			developmentRegion = en;
			hasScannedForEncodings = 0;
			knownRegions = (
				en,
				Base,
			);
			mainGroup = 9FFECDDE2A71EBEF0053F29D;
			packageReferences = (
				674982772A83E2C500A1C98E /* XCRemoteSwiftPackageReference "firebase-ios-sdk" */,
			);
			productRefGroup = 9FFECDE82A71EBEF0053F29D /* Products */;
			projectDirPath = "";
			projectRoot = "";
			targets = (
				9FFECDE62A71EBEF0053F29D /* ProjectFy */,
			);
		};
/* End PBXProject section */

/* Begin PBXResourcesBuildPhase section */
		9FFECDE52A71EBEF0053F29D /* Resources */ = {
			isa = PBXResourcesBuildPhase;
			buildActionMask = 2147483647;
			files = (
				9FFECDF22A71EBF00053F29D /* Preview Assets.xcassets in Resources */,
				9FFECDEF2A71EBF00053F29D /* Assets.xcassets in Resources */,
				674982762A83DCD900A1C98E /* GoogleService-Info.plist in Resources */,
			);
			runOnlyForDeploymentPostprocessing = 0;
		};
/* End PBXResourcesBuildPhase section */

/* Begin PBXShellScriptBuildPhase section */
		9FDD73692A76063E00BA8F26 /* ShellScript */ = {
			isa = PBXShellScriptBuildPhase;
			alwaysOutOfDate = 1;
			buildActionMask = 2147483647;
			files = (
			);
			inputFileListPaths = (
			);
			inputPaths = (
			);
			outputFileListPaths = (
			);
			outputPaths = (
			);
			runOnlyForDeploymentPostprocessing = 0;
			shellPath = /bin/sh;
			shellScript = "if [[ \"$(uname -m)\" == arm64 ]]; then\n    export PATH=\"/opt/homebrew/bin:$PATH\"\nfi\n\nif which swiftlint > /dev/null; then\n  swiftlint\nelse\n  echo \"warning: SwiftLint not installed, download from https://github.com/realm/SwiftLint\"\nfi\n";
		};
/* End PBXShellScriptBuildPhase section */

/* Begin PBXSourcesBuildPhase section */
		9FFECDE32A71EBEF0053F29D /* Sources */ = {
			isa = PBXSourcesBuildPhase;
			buildActionMask = 2147483647;
			files = (
				674982922A85DF5B00A1C98E /* AuthenticationViewModel.swift in Sources */,
				674982702A82C1CB00A1C98E /* Haptics.swift in Sources */,
				67A531F82A7841DD00EBD022 /* AdvertisementView.swift in Sources */,
				67A531ED2A7831FA00EBD022 /* User.swift in Sources */,
				674982952A86A8F500A1C98E /* DBCollection.swift in Sources */,
				9F4390C92A81376500A3A393 /* HomeView.swift in Sources */,
				9FD721622A7842FA007A1BA6 /* UserView.swift in Sources */,
				6749829F2A86C15D00A1C98E /* UserService.swift in Sources */,
				9F8F29CA2A7984730030958B /* UserViewModel.swift in Sources */,
				9FFECDEB2A71EBEF0053F29D /* ProjectFyApp.swift in Sources */,
				674982812A857C9800A1C98E /* Utils.swift in Sources */,
				9F8F29C52A7977610030958B /* EditUserView.swift in Sources */,
				67A531F32A78327600EBD022 /* ProjectGroup.swift in Sources */,
				9F9FF1942A8AE9DF00289B97 /* PushNotificationSender.swift in Sources */,
				9F553F3F2A816D9200D64192 /* UserProtocol.swift in Sources */,
				9F553F422A816F4600D64192 /* UserMockupService.swift in Sources */,
				674982862A8592A800A1C98E /* AuthenticationProtocol.swift in Sources */,
				674982A42A86D08300A1C98E /* AdvertisementService.swift in Sources */,
				674982882A85931A00A1C98E /* SignInWithAppleService.swift in Sources */,
				678383812A7F623D00E459F1 /* NewAdvertisement.swift in Sources */,
				6783837C2A7C4A7F00E459F1 /* View+removePadding.swift in Sources */,
				674982742A82F3E000A1C98E /* DropDownButton.swift in Sources */,
				678383832A7F63EA00E459F1 /* AdvertisementsViewModel.swift in Sources */,
				678383772A7C4A3800E459F1 /* UserInfo.swift in Sources */,
				6749828D2A85DD8E00A1C98E /* SignInView.swift in Sources */,
				674982A62A88012100A1C98E /* String+avatars.swift in Sources */,
				678383792A7C4A5600E459F1 /* AdInfo.swift in Sources */,
				678383862A814A0600E459F1 /* AdvertisementProtocol.swift in Sources */,
				678383892A814A9C00E459F1 /* AdvertisementMockupService.swift in Sources */,
				67A531EA2A7831D500EBD022 /* Advertisement.swift in Sources */,
			);
			runOnlyForDeploymentPostprocessing = 0;
		};
/* End PBXSourcesBuildPhase section */

/* Begin XCBuildConfiguration section */
		9FFECDF32A71EBF00053F29D /* Debug */ = {
			isa = XCBuildConfiguration;
			buildSettings = {
				ALWAYS_SEARCH_USER_PATHS = NO;
				CLANG_ANALYZER_NONNULL = YES;
				CLANG_ANALYZER_NUMBER_OBJECT_CONVERSION = YES_AGGRESSIVE;
				CLANG_CXX_LANGUAGE_STANDARD = "gnu++20";
				CLANG_ENABLE_MODULES = YES;
				CLANG_ENABLE_OBJC_ARC = YES;
				CLANG_ENABLE_OBJC_WEAK = YES;
				CLANG_WARN_BLOCK_CAPTURE_AUTORELEASING = YES;
				CLANG_WARN_BOOL_CONVERSION = YES;
				CLANG_WARN_COMMA = YES;
				CLANG_WARN_CONSTANT_CONVERSION = YES;
				CLANG_WARN_DEPRECATED_OBJC_IMPLEMENTATIONS = YES;
				CLANG_WARN_DIRECT_OBJC_ISA_USAGE = YES_ERROR;
				CLANG_WARN_DOCUMENTATION_COMMENTS = YES;
				CLANG_WARN_EMPTY_BODY = YES;
				CLANG_WARN_ENUM_CONVERSION = YES;
				CLANG_WARN_INFINITE_RECURSION = YES;
				CLANG_WARN_INT_CONVERSION = YES;
				CLANG_WARN_NON_LITERAL_NULL_CONVERSION = YES;
				CLANG_WARN_OBJC_IMPLICIT_RETAIN_SELF = YES;
				CLANG_WARN_OBJC_LITERAL_CONVERSION = YES;
				CLANG_WARN_OBJC_ROOT_CLASS = YES_ERROR;
				CLANG_WARN_QUOTED_INCLUDE_IN_FRAMEWORK_HEADER = YES;
				CLANG_WARN_RANGE_LOOP_ANALYSIS = YES;
				CLANG_WARN_STRICT_PROTOTYPES = YES;
				CLANG_WARN_SUSPICIOUS_MOVE = YES;
				CLANG_WARN_UNGUARDED_AVAILABILITY = YES_AGGRESSIVE;
				CLANG_WARN_UNREACHABLE_CODE = YES;
				CLANG_WARN__DUPLICATE_METHOD_MATCH = YES;
				COPY_PHASE_STRIP = NO;
				DEBUG_INFORMATION_FORMAT = dwarf;
				ENABLE_STRICT_OBJC_MSGSEND = YES;
				ENABLE_TESTABILITY = YES;
				GCC_C_LANGUAGE_STANDARD = gnu11;
				GCC_DYNAMIC_NO_PIC = NO;
				GCC_NO_COMMON_BLOCKS = YES;
				GCC_OPTIMIZATION_LEVEL = 0;
				GCC_PREPROCESSOR_DEFINITIONS = (
					"DEBUG=1",
					"$(inherited)",
				);
				GCC_WARN_64_TO_32_BIT_CONVERSION = YES;
				GCC_WARN_ABOUT_RETURN_TYPE = YES_ERROR;
				GCC_WARN_UNDECLARED_SELECTOR = YES;
				GCC_WARN_UNINITIALIZED_AUTOS = YES_AGGRESSIVE;
				GCC_WARN_UNUSED_FUNCTION = YES;
				GCC_WARN_UNUSED_VARIABLE = YES;
				IPHONEOS_DEPLOYMENT_TARGET = 16.4;
				MTL_ENABLE_DEBUG_INFO = INCLUDE_SOURCE;
				MTL_FAST_MATH = YES;
				ONLY_ACTIVE_ARCH = YES;
				SDKROOT = iphoneos;
				SWIFT_ACTIVE_COMPILATION_CONDITIONS = DEBUG;
				SWIFT_OPTIMIZATION_LEVEL = "-Onone";
			};
			name = Debug;
		};
		9FFECDF42A71EBF00053F29D /* Release */ = {
			isa = XCBuildConfiguration;
			buildSettings = {
				ALWAYS_SEARCH_USER_PATHS = NO;
				CLANG_ANALYZER_NONNULL = YES;
				CLANG_ANALYZER_NUMBER_OBJECT_CONVERSION = YES_AGGRESSIVE;
				CLANG_CXX_LANGUAGE_STANDARD = "gnu++20";
				CLANG_ENABLE_MODULES = YES;
				CLANG_ENABLE_OBJC_ARC = YES;
				CLANG_ENABLE_OBJC_WEAK = YES;
				CLANG_WARN_BLOCK_CAPTURE_AUTORELEASING = YES;
				CLANG_WARN_BOOL_CONVERSION = YES;
				CLANG_WARN_COMMA = YES;
				CLANG_WARN_CONSTANT_CONVERSION = YES;
				CLANG_WARN_DEPRECATED_OBJC_IMPLEMENTATIONS = YES;
				CLANG_WARN_DIRECT_OBJC_ISA_USAGE = YES_ERROR;
				CLANG_WARN_DOCUMENTATION_COMMENTS = YES;
				CLANG_WARN_EMPTY_BODY = YES;
				CLANG_WARN_ENUM_CONVERSION = YES;
				CLANG_WARN_INFINITE_RECURSION = YES;
				CLANG_WARN_INT_CONVERSION = YES;
				CLANG_WARN_NON_LITERAL_NULL_CONVERSION = YES;
				CLANG_WARN_OBJC_IMPLICIT_RETAIN_SELF = YES;
				CLANG_WARN_OBJC_LITERAL_CONVERSION = YES;
				CLANG_WARN_OBJC_ROOT_CLASS = YES_ERROR;
				CLANG_WARN_QUOTED_INCLUDE_IN_FRAMEWORK_HEADER = YES;
				CLANG_WARN_RANGE_LOOP_ANALYSIS = YES;
				CLANG_WARN_STRICT_PROTOTYPES = YES;
				CLANG_WARN_SUSPICIOUS_MOVE = YES;
				CLANG_WARN_UNGUARDED_AVAILABILITY = YES_AGGRESSIVE;
				CLANG_WARN_UNREACHABLE_CODE = YES;
				CLANG_WARN__DUPLICATE_METHOD_MATCH = YES;
				COPY_PHASE_STRIP = NO;
				DEBUG_INFORMATION_FORMAT = "dwarf-with-dsym";
				ENABLE_NS_ASSERTIONS = NO;
				ENABLE_STRICT_OBJC_MSGSEND = YES;
				GCC_C_LANGUAGE_STANDARD = gnu11;
				GCC_NO_COMMON_BLOCKS = YES;
				GCC_WARN_64_TO_32_BIT_CONVERSION = YES;
				GCC_WARN_ABOUT_RETURN_TYPE = YES_ERROR;
				GCC_WARN_UNDECLARED_SELECTOR = YES;
				GCC_WARN_UNINITIALIZED_AUTOS = YES_AGGRESSIVE;
				GCC_WARN_UNUSED_FUNCTION = YES;
				GCC_WARN_UNUSED_VARIABLE = YES;
				IPHONEOS_DEPLOYMENT_TARGET = 16.4;
				MTL_ENABLE_DEBUG_INFO = NO;
				MTL_FAST_MATH = YES;
				SDKROOT = iphoneos;
				SWIFT_COMPILATION_MODE = wholemodule;
				SWIFT_OPTIMIZATION_LEVEL = "-O";
				VALIDATE_PRODUCT = YES;
			};
			name = Release;
		};
		9FFECDF62A71EBF00053F29D /* Debug */ = {
			isa = XCBuildConfiguration;
			buildSettings = {
				ASSETCATALOG_COMPILER_APPICON_NAME = AppIcon;
				ASSETCATALOG_COMPILER_GLOBAL_ACCENT_COLOR_NAME = AccentColor;
				CODE_SIGN_ENTITLEMENTS = ProjectFy/ProjectFyDebug.entitlements;
				CODE_SIGN_IDENTITY = "Apple Development";
				CODE_SIGN_STYLE = Automatic;
				CURRENT_PROJECT_VERSION = 1;
				DEVELOPMENT_ASSET_PATHS = "\"ProjectFy/Preview Content\"";
				DEVELOPMENT_TEAM = J5QJGKM573;
				ENABLE_PREVIEWS = YES;
				GENERATE_INFOPLIST_FILE = YES;
				INFOPLIST_FILE = ProjectFy/Info.plist;
				INFOPLIST_KEY_UIApplicationSceneManifest_Generation = YES;
				INFOPLIST_KEY_UIApplicationSupportsIndirectInputEvents = YES;
				INFOPLIST_KEY_UILaunchScreen_Generation = YES;
				INFOPLIST_KEY_UIStatusBarStyle = "";
				INFOPLIST_KEY_UISupportedInterfaceOrientations = UIInterfaceOrientationPortrait;
				IPHONEOS_DEPLOYMENT_TARGET = 15.6;
				LD_RUNPATH_SEARCH_PATHS = (
					"$(inherited)",
					"@executable_path/Frameworks",
				);
				MARKETING_VERSION = 1.0;
				PRODUCT_BUNDLE_IDENTIFIER = anneauzier.ProjectFy;
				PRODUCT_NAME = "$(TARGET_NAME)";
				PROVISIONING_PROFILE_SPECIFIER = "";
				SUPPORTED_PLATFORMS = "iphoneos iphonesimulator";
				SUPPORTS_MACCATALYST = NO;
				SUPPORTS_MAC_DESIGNED_FOR_IPHONE_IPAD = NO;
				SWIFT_EMIT_LOC_STRINGS = YES;
				SWIFT_VERSION = 5.0;
				TARGETED_DEVICE_FAMILY = "1,2";
			};
			name = Debug;
		};
		9FFECDF72A71EBF00053F29D /* Release */ = {
			isa = XCBuildConfiguration;
			buildSettings = {
				ASSETCATALOG_COMPILER_APPICON_NAME = AppIcon;
				ASSETCATALOG_COMPILER_GLOBAL_ACCENT_COLOR_NAME = AccentColor;
				CODE_SIGN_ENTITLEMENTS = ProjectFy/ProjectFy.entitlements;
				CODE_SIGN_IDENTITY = "Apple Development";
				CODE_SIGN_STYLE = Manual;
				CURRENT_PROJECT_VERSION = 1;
				DEVELOPMENT_ASSET_PATHS = "\"ProjectFy/Preview Content\"";
				DEVELOPMENT_TEAM = J5QJGKM573;
				ENABLE_PREVIEWS = YES;
				GENERATE_INFOPLIST_FILE = YES;
				INFOPLIST_FILE = ProjectFy/Info.plist;
				INFOPLIST_KEY_UIApplicationSceneManifest_Generation = YES;
				INFOPLIST_KEY_UIApplicationSupportsIndirectInputEvents = YES;
				INFOPLIST_KEY_UILaunchScreen_Generation = YES;
				INFOPLIST_KEY_UIStatusBarStyle = "";
				INFOPLIST_KEY_UISupportedInterfaceOrientations = UIInterfaceOrientationPortrait;
				IPHONEOS_DEPLOYMENT_TARGET = 15.6;
				LD_RUNPATH_SEARCH_PATHS = (
					"$(inherited)",
					"@executable_path/Frameworks",
				);
				MARKETING_VERSION = 1.0;
				PRODUCT_BUNDLE_IDENTIFIER = anneauzier.ProjectFy;
				PRODUCT_NAME = "$(TARGET_NAME)";
				SUPPORTED_PLATFORMS = "iphoneos iphonesimulator";
				SUPPORTS_MACCATALYST = NO;
				SUPPORTS_MAC_DESIGNED_FOR_IPHONE_IPAD = NO;
				SWIFT_EMIT_LOC_STRINGS = YES;
				SWIFT_VERSION = 5.0;
				TARGETED_DEVICE_FAMILY = "1,2";
			};
			name = Release;
		};
/* End XCBuildConfiguration section */

/* Begin XCConfigurationList section */
		9FFECDE22A71EBEF0053F29D /* Build configuration list for PBXProject "ProjectFy" */ = {
			isa = XCConfigurationList;
			buildConfigurations = (
				9FFECDF32A71EBF00053F29D /* Debug */,
				9FFECDF42A71EBF00053F29D /* Release */,
			);
			defaultConfigurationIsVisible = 0;
			defaultConfigurationName = Release;
		};
		9FFECDF52A71EBF00053F29D /* Build configuration list for PBXNativeTarget "ProjectFy" */ = {
			isa = XCConfigurationList;
			buildConfigurations = (
				9FFECDF62A71EBF00053F29D /* Debug */,
				9FFECDF72A71EBF00053F29D /* Release */,
			);
			defaultConfigurationIsVisible = 0;
			defaultConfigurationName = Release;
		};
/* End XCConfigurationList section */

/* Begin XCRemoteSwiftPackageReference section */
		674982772A83E2C500A1C98E /* XCRemoteSwiftPackageReference "firebase-ios-sdk" */ = {
			isa = XCRemoteSwiftPackageReference;
			repositoryURL = "https://github.com/firebase/firebase-ios-sdk";
			requirement = {
				kind = upToNextMajorVersion;
				minimumVersion = 10.0.0;
			};
		};
/* End XCRemoteSwiftPackageReference section */

/* Begin XCSwiftPackageProductDependency section */
		674982782A83E2C500A1C98E /* FirebaseAuth */ = {
			isa = XCSwiftPackageProductDependency;
			package = 674982772A83E2C500A1C98E /* XCRemoteSwiftPackageReference "firebase-ios-sdk" */;
			productName = FirebaseAuth;
		};
		6749827E2A855EAA00A1C98E /* FirebaseAnalytics */ = {
			isa = XCSwiftPackageProductDependency;
			package = 674982772A83E2C500A1C98E /* XCRemoteSwiftPackageReference "firebase-ios-sdk" */;
			productName = FirebaseAnalytics;
		};
		6749829A2A86A92D00A1C98E /* FirebaseFirestore */ = {
			isa = XCSwiftPackageProductDependency;
			package = 674982772A83E2C500A1C98E /* XCRemoteSwiftPackageReference "firebase-ios-sdk" */;
			productName = FirebaseFirestore;
		};
		6749829C2A86A92D00A1C98E /* FirebaseFirestoreSwift */ = {
			isa = XCSwiftPackageProductDependency;
			package = 674982772A83E2C500A1C98E /* XCRemoteSwiftPackageReference "firebase-ios-sdk" */;
			productName = FirebaseFirestoreSwift;
		};
		9F5C15922A8AABE100162E2E /* FirebaseMessaging */ = {
			isa = XCSwiftPackageProductDependency;
			package = 674982772A83E2C500A1C98E /* XCRemoteSwiftPackageReference "firebase-ios-sdk" */;
			productName = FirebaseMessaging;
		};
/* End XCSwiftPackageProductDependency section */
	};
	rootObject = 9FFECDDF2A71EBEF0053F29D /* Project object */;
}
